
Microsoft Visual Studio Solution File, Format Version 12.00
# Visual Studio Version 16
VisualStudioVersion = 16.0.29503.13
MinimumVisualStudioVersion = 10.0.40219.1
Project("{FAE04EC0-301F-11D3-BF4B-00C04F79EFBC}") = "Gilbreath", "Gilbreath\Gilbreath.csproj", "{C2F13159-FE97-4A4A-B383-6CEAD6B574DF}"
EndProject
Project("{FAE04EC0-301F-11D3-BF4B-00C04F79EFBC}") = "Collatz", "Collatz\Collatz.csproj", "{60F756DB-D2E7-4988-B291-88EF7F346803}"
EndProject
Project("{FAE04EC0-301F-11D3-BF4B-00C04F79EFBC}") = "GilbreathConsole", "GilbreathConsole\GilbreathConsole.csproj", "{E9CA9B13-E8FB-454A-90C5-D16A14EA2AD1}"
EndProject
Project("{FAE04EC0-301F-11D3-BF4B-00C04F79EFBC}") = "MarsennePrime", "MarsennePrime\MarsennePrime.csproj", "{CBB922F0-4CD4-439B-9D0F-ED6746819D47}"
EndProject
Project("{8BC9CEB8-8B4A-11D0-8D11-00A0C91BC942}") = "MarsennePrimeC", "MarsennePrimeC\MarsennePrimeC.vcxproj", "{187AFB7E-6E93-47D9-A455-F6070B274D25}"
EndProject
Project("{FAE04EC0-301F-11D3-BF4B-00C04F79EFBC}") = "LogSequence", "LogSequence\LogSequence.csproj", "{225E4AC1-635E-4B32-B4F6-B42F8E1D3AAA}"
EndProject
Project("{FAE04EC0-301F-11D3-BF4B-00C04F79EFBC}") = "CollatzPattern", "CollatzPattern\CollatzPattern.csproj", "{68D89D16-FC7A-43BB-B911-5709FABD8696}"
EndProject
Project("{8BC9CEB8-8B4A-11D0-8D11-00A0C91BC942}") = "ReverseNumber", "ReverseNumber\ReverseNumber.vcxproj", "{BAEDB9FB-CCEB-4B67-8C70-676AB2D59BFD}"
EndProject
Project("{FAE04EC0-301F-11D3-BF4B-00C04F79EFBC}") = "PackingCirclesInSquare", "PackingCirclesInSquare\PackingCirclesInSquare.csproj", "{8D386DEE-DFB8-4E23-A0EF-3CB76D651351}"
EndProject
Global
	GlobalSection(SolutionConfigurationPlatforms) = preSolution
		Debug|Any CPU = Debug|Any CPU
		Debug|x64 = Debug|x64
		Debug|x86 = Debug|x86
		Release|Any CPU = Release|Any CPU
		Release|x64 = Release|x64
		Release|x86 = Release|x86
	EndGlobalSection
	GlobalSection(ProjectConfigurationPlatforms) = postSolution
		{C2F13159-FE97-4A4A-B383-6CEAD6B574DF}.Debug|Any CPU.ActiveCfg = Debug|Any CPU
		{C2F13159-FE97-4A4A-B383-6CEAD6B574DF}.Debug|Any CPU.Build.0 = Debug|Any CPU
		{C2F13159-FE97-4A4A-B383-6CEAD6B574DF}.Debug|x64.ActiveCfg = Debug|Any CPU
		{C2F13159-FE97-4A4A-B383-6CEAD6B574DF}.Debug|x64.Build.0 = Debug|Any CPU
		{C2F13159-FE97-4A4A-B383-6CEAD6B574DF}.Debug|x86.ActiveCfg = Debug|Any CPU
		{C2F13159-FE97-4A4A-B383-6CEAD6B574DF}.Debug|x86.Build.0 = Debug|Any CPU
		{C2F13159-FE97-4A4A-B383-6CEAD6B574DF}.Release|Any CPU.ActiveCfg = Release|Any CPU
		{C2F13159-FE97-4A4A-B383-6CEAD6B574DF}.Release|Any CPU.Build.0 = Release|Any CPU
		{C2F13159-FE97-4A4A-B383-6CEAD6B574DF}.Release|x64.ActiveCfg = Release|Any CPU
		{C2F13159-FE97-4A4A-B383-6CEAD6B574DF}.Release|x64.Build.0 = Release|Any CPU
		{C2F13159-FE97-4A4A-B383-6CEAD6B574DF}.Release|x86.ActiveCfg = Release|Any CPU
		{C2F13159-FE97-4A4A-B383-6CEAD6B574DF}.Release|x86.Build.0 = Release|Any CPU
		{60F756DB-D2E7-4988-B291-88EF7F346803}.Debug|Any CPU.ActiveCfg = Debug|Any CPU
		{60F756DB-D2E7-4988-B291-88EF7F346803}.Debug|Any CPU.Build.0 = Debug|Any CPU
		{60F756DB-D2E7-4988-B291-88EF7F346803}.Debug|x64.ActiveCfg = Debug|Any CPU
		{60F756DB-D2E7-4988-B291-88EF7F346803}.Debug|x64.Build.0 = Debug|Any CPU
		{60F756DB-D2E7-4988-B291-88EF7F346803}.Debug|x86.ActiveCfg = Debug|Any CPU
		{60F756DB-D2E7-4988-B291-88EF7F346803}.Debug|x86.Build.0 = Debug|Any CPU
		{60F756DB-D2E7-4988-B291-88EF7F346803}.Release|Any CPU.ActiveCfg = Release|Any CPU
		{60F756DB-D2E7-4988-B291-88EF7F346803}.Release|Any CPU.Build.0 = Release|Any CPU
		{60F756DB-D2E7-4988-B291-88EF7F346803}.Release|x64.ActiveCfg = Release|Any CPU
		{60F756DB-D2E7-4988-B291-88EF7F346803}.Release|x64.Build.0 = Release|Any CPU
		{60F756DB-D2E7-4988-B291-88EF7F346803}.Release|x86.ActiveCfg = Release|Any CPU
		{60F756DB-D2E7-4988-B291-88EF7F346803}.Release|x86.Build.0 = Release|Any CPU
		{E9CA9B13-E8FB-454A-90C5-D16A14EA2AD1}.Debug|Any CPU.ActiveCfg = Debug|Any CPU
		{E9CA9B13-E8FB-454A-90C5-D16A14EA2AD1}.Debug|Any CPU.Build.0 = Debug|Any CPU
		{E9CA9B13-E8FB-454A-90C5-D16A14EA2AD1}.Debug|x64.ActiveCfg = Debug|Any CPU
		{E9CA9B13-E8FB-454A-90C5-D16A14EA2AD1}.Debug|x64.Build.0 = Debug|Any CPU
		{E9CA9B13-E8FB-454A-90C5-D16A14EA2AD1}.Debug|x86.ActiveCfg = Debug|Any CPU
		{E9CA9B13-E8FB-454A-90C5-D16A14EA2AD1}.Debug|x86.Build.0 = Debug|Any CPU
		{E9CA9B13-E8FB-454A-90C5-D16A14EA2AD1}.Release|Any CPU.ActiveCfg = Release|Any CPU
		{E9CA9B13-E8FB-454A-90C5-D16A14EA2AD1}.Release|Any CPU.Build.0 = Release|Any CPU
		{E9CA9B13-E8FB-454A-90C5-D16A14EA2AD1}.Release|x64.ActiveCfg = Release|Any CPU
		{E9CA9B13-E8FB-454A-90C5-D16A14EA2AD1}.Release|x64.Build.0 = Release|Any CPU
		{E9CA9B13-E8FB-454A-90C5-D16A14EA2AD1}.Release|x86.ActiveCfg = Release|Any CPU
		{E9CA9B13-E8FB-454A-90C5-D16A14EA2AD1}.Release|x86.Build.0 = Release|Any CPU
		{CBB922F0-4CD4-439B-9D0F-ED6746819D47}.Debug|Any CPU.ActiveCfg = Debug|Any CPU
		{CBB922F0-4CD4-439B-9D0F-ED6746819D47}.Debug|Any CPU.Build.0 = Debug|Any CPU
		{CBB922F0-4CD4-439B-9D0F-ED6746819D47}.Debug|x64.ActiveCfg = Debug|Any CPU
		{CBB922F0-4CD4-439B-9D0F-ED6746819D47}.Debug|x64.Build.0 = Debug|Any CPU
		{CBB922F0-4CD4-439B-9D0F-ED6746819D47}.Debug|x86.ActiveCfg = Debug|Any CPU
		{CBB922F0-4CD4-439B-9D0F-ED6746819D47}.Debug|x86.Build.0 = Debug|Any CPU
		{CBB922F0-4CD4-439B-9D0F-ED6746819D47}.Release|Any CPU.ActiveCfg = Release|Any CPU
		{CBB922F0-4CD4-439B-9D0F-ED6746819D47}.Release|Any CPU.Build.0 = Release|Any CPU
		{CBB922F0-4CD4-439B-9D0F-ED6746819D47}.Release|x64.ActiveCfg = Release|Any CPU
		{CBB922F0-4CD4-439B-9D0F-ED6746819D47}.Release|x64.Build.0 = Release|Any CPU
		{CBB922F0-4CD4-439B-9D0F-ED6746819D47}.Release|x86.ActiveCfg = Release|Any CPU
		{CBB922F0-4CD4-439B-9D0F-ED6746819D47}.Release|x86.Build.0 = Release|Any CPU
		{187AFB7E-6E93-47D9-A455-F6070B274D25}.Debug|Any CPU.ActiveCfg = Debug|x64
		{187AFB7E-6E93-47D9-A455-F6070B274D25}.Debug|Any CPU.Build.0 = Debug|x64
		{187AFB7E-6E93-47D9-A455-F6070B274D25}.Debug|x64.ActiveCfg = Debug|x64
		{187AFB7E-6E93-47D9-A455-F6070B274D25}.Debug|x64.Build.0 = Debug|x64
		{187AFB7E-6E93-47D9-A455-F6070B274D25}.Debug|x86.ActiveCfg = Debug|Win32
		{187AFB7E-6E93-47D9-A455-F6070B274D25}.Debug|x86.Build.0 = Debug|Win32
		{187AFB7E-6E93-47D9-A455-F6070B274D25}.Release|Any CPU.ActiveCfg = Release|Win32
		{187AFB7E-6E93-47D9-A455-F6070B274D25}.Release|x64.ActiveCfg = Release|x64
		{187AFB7E-6E93-47D9-A455-F6070B274D25}.Release|x64.Build.0 = Release|x64
		{187AFB7E-6E93-47D9-A455-F6070B274D25}.Release|x86.ActiveCfg = Release|Win32
		{187AFB7E-6E93-47D9-A455-F6070B274D25}.Release|x86.Build.0 = Release|Win32
		{225E4AC1-635E-4B32-B4F6-B42F8E1D3AAA}.Debug|Any CPU.ActiveCfg = Debug|Any CPU
		{225E4AC1-635E-4B32-B4F6-B42F8E1D3AAA}.Debug|Any CPU.Build.0 = Debug|Any CPU
		{225E4AC1-635E-4B32-B4F6-B42F8E1D3AAA}.Debug|x64.ActiveCfg = Debug|Any CPU
		{225E4AC1-635E-4B32-B4F6-B42F8E1D3AAA}.Debug|x64.Build.0 = Debug|Any CPU
		{225E4AC1-635E-4B32-B4F6-B42F8E1D3AAA}.Debug|x86.ActiveCfg = Debug|Any CPU
		{225E4AC1-635E-4B32-B4F6-B42F8E1D3AAA}.Debug|x86.Build.0 = Debug|Any CPU
		{225E4AC1-635E-4B32-B4F6-B42F8E1D3AAA}.Release|Any CPU.ActiveCfg = Release|Any CPU
		{225E4AC1-635E-4B32-B4F6-B42F8E1D3AAA}.Release|Any CPU.Build.0 = Release|Any CPU
		{225E4AC1-635E-4B32-B4F6-B42F8E1D3AAA}.Release|x64.ActiveCfg = Release|Any CPU
		{225E4AC1-635E-4B32-B4F6-B42F8E1D3AAA}.Release|x64.Build.0 = Release|Any CPU
		{225E4AC1-635E-4B32-B4F6-B42F8E1D3AAA}.Release|x86.ActiveCfg = Release|Any CPU
		{225E4AC1-635E-4B32-B4F6-B42F8E1D3AAA}.Release|x86.Build.0 = Release|Any CPU
		{68D89D16-FC7A-43BB-B911-5709FABD8696}.Debug|Any CPU.ActiveCfg = Debug|Any CPU
		{68D89D16-FC7A-43BB-B911-5709FABD8696}.Debug|Any CPU.Build.0 = Debug|Any CPU
		{68D89D16-FC7A-43BB-B911-5709FABD8696}.Debug|x64.ActiveCfg = Debug|Any CPU
		{68D89D16-FC7A-43BB-B911-5709FABD8696}.Debug|x64.Build.0 = Debug|Any CPU
		{68D89D16-FC7A-43BB-B911-5709FABD8696}.Debug|x86.ActiveCfg = Debug|Any CPU
		{68D89D16-FC7A-43BB-B911-5709FABD8696}.Debug|x86.Build.0 = Debug|Any CPU
		{68D89D16-FC7A-43BB-B911-5709FABD8696}.Release|Any CPU.ActiveCfg = Release|Any CPU
		{68D89D16-FC7A-43BB-B911-5709FABD8696}.Release|Any CPU.Build.0 = Release|Any CPU
		{68D89D16-FC7A-43BB-B911-5709FABD8696}.Release|x64.ActiveCfg = Release|Any CPU
		{68D89D16-FC7A-43BB-B911-5709FABD8696}.Release|x64.Build.0 = Release|Any CPU
		{68D89D16-FC7A-43BB-B911-5709FABD8696}.Release|x86.ActiveCfg = Release|Any CPU
		{68D89D16-FC7A-43BB-B911-5709FABD8696}.Release|x86.Build.0 = Release|Any CPU
		{BAEDB9FB-CCEB-4B67-8C70-676AB2D59BFD}.Debug|Any CPU.ActiveCfg = Debug|Win32
		{BAEDB9FB-CCEB-4B67-8C70-676AB2D59BFD}.Debug|Any CPU.Build.0 = Debug|Win32
		{BAEDB9FB-CCEB-4B67-8C70-676AB2D59BFD}.Debug|x64.ActiveCfg = Debug|x64
		{BAEDB9FB-CCEB-4B67-8C70-676AB2D59BFD}.Debug|x64.Build.0 = Debug|x64
		{BAEDB9FB-CCEB-4B67-8C70-676AB2D59BFD}.Debug|x86.ActiveCfg = Debug|Win32
		{BAEDB9FB-CCEB-4B67-8C70-676AB2D59BFD}.Debug|x86.Build.0 = Debug|Win32
		{BAEDB9FB-CCEB-4B67-8C70-676AB2D59BFD}.Release|Any CPU.ActiveCfg = Release|Win32
		{BAEDB9FB-CCEB-4B67-8C70-676AB2D59BFD}.Release|x64.ActiveCfg = Release|x64
		{BAEDB9FB-CCEB-4B67-8C70-676AB2D59BFD}.Release|x64.Build.0 = Release|x64
		{BAEDB9FB-CCEB-4B67-8C70-676AB2D59BFD}.Release|x86.ActiveCfg = Release|Win32
		{BAEDB9FB-CCEB-4B67-8C70-676AB2D59BFD}.Release|x86.Build.0 = Release|Win32
		{8D386DEE-DFB8-4E23-A0EF-3CB76D651351}.Debug|Any CPU.ActiveCfg = Debug|Any CPU
		{8D386DEE-DFB8-4E23-A0EF-3CB76D651351}.Debug|Any CPU.Build.0 = Debug|Any CPU
		{8D386DEE-DFB8-4E23-A0EF-3CB76D651351}.Debug|x64.ActiveCfg = Debug|Any CPU
		{8D386DEE-DFB8-4E23-A0EF-3CB76D651351}.Debug|x64.Build.0 = Debug|Any CPU
		{8D386DEE-DFB8-4E23-A0EF-3CB76D651351}.Debug|x86.ActiveCfg = Debug|Any CPU
		{8D386DEE-DFB8-4E23-A0EF-3CB76D651351}.Debug|x86.Build.0 = Debug|Any CPU
		{8D386DEE-DFB8-4E23-A0EF-3CB76D651351}.Release|Any CPU.ActiveCfg = Release|Any CPU
		{8D386DEE-DFB8-4E23-A0EF-3CB76D651351}.Release|Any CPU.Build.0 = Release|Any CPU
		{8D386DEE-DFB8-4E23-A0EF-3CB76D651351}.Release|x64.ActiveCfg = Release|Any CPU
		{8D386DEE-DFB8-4E23-A0EF-3CB76D651351}.Release|x64.Build.0 = Release|Any CPU
		{8D386DEE-DFB8-4E23-A0EF-3CB76D651351}.Release|x86.ActiveCfg = Release|Any CPU
		{8D386DEE-DFB8-4E23-A0EF-3CB76D651351}.Release|x86.Build.0 = Release|Any CPU
	EndGlobalSection
	GlobalSection(SolutionProperties) = preSolution
		HideSolutionNode = FALSE
	EndGlobalSection
	GlobalSection(ExtensibilityGlobals) = postSolution
		SolutionGuid = {E7A35148-DAD8-4525-BFC6-365BFBBF0428}
	EndGlobalSection
EndGlobal
